
Microsoft Visual Studio Solution File, Format Version 12.00
# Visual Studio Version 16
VisualStudioVersion = 16.0.29001.49
MinimumVisualStudioVersion = 10.0.40219.1
Project("{FAE04EC0-301F-11D3-BF4B-00C04F79EFBC}") = "DozePontoDois", "DozePontoDois\DozePontoDois.csproj", "{8BBCCBF2-ACCE-48ED-B98A-3CC1660C5B0B}"
EndProject
Global
	GlobalSection(SolutionConfigurationPlatforms) = preSolution
		Debug|Any CPU = Debug|Any CPU
		Release|Any CPU = Release|Any CPU
	EndGlobalSection
	GlobalSection(ProjectConfigurationPlatforms) = postSolution
		{8BBCCBF2-ACCE-48ED-B98A-3CC1660C5B0B}.Debug|Any CPU.ActiveCfg = Debug|Any CPU
		{8BBCCBF2-ACCE-48ED-B98A-3CC1660C5B0B}.Debug|Any CPU.Build.0 = Debug|Any CPU
		{8BBCCBF2-ACCE-48ED-B98A-3CC1660C5B0B}.Release|Any CPU.ActiveCfg = Release|Any CPU
		{8BBCCBF2-ACCE-48ED-B98A-3CC1660C5B0B}.Release|Any CPU.Build.0 = Release|Any CPU
	EndGlobalSection
	GlobalSection(SolutionProperties) = preSolution
		HideSolutionNode = FALSE
	EndGlobalSection
	GlobalSection(ExtensibilityGlobals) = postSolution
		SolutionGuid = {35A8FF7F-D643-46B4-B48D-4D1A6C9E414B}
	EndGlobalSection
EndGlobal
